{
  "name": "aquashield-security-evidence-before",
  "version": "0.0.0",
  "lockfileVersion": 3,
  "requires": true,
  "packages": {
    "": {
      "name": "aquashield-security-evidence-before",
      "version": "0.0.0",
      "dependencies": {
        "tar": "7.5.11"
      }
    },
    "node_modules/tar": {
      "version": "7.5.11",
      "resolved": "https://registry.npmjs.org/tar/-/tar-7.5.11.tgz",
      "integrity": "sha512-evidence-only",
      "license": "ISC"
    }
  }
}
